
Microsoft Visual Studio Solution File, Format Version 12.00
# Visual Studio Version 16
VisualStudioVersion = 16.0.31410.357
MinimumVisualStudioVersion = 10.0.40219.1
Project("{FAE04EC0-301F-11D3-BF4B-00C04F79EFBC}") = "BEE1043", "BEE1043.csproj", "{7E4BE09D-C73C-40B6-B3B3-4E3BBFF6D530}"
EndProject
Global
	GlobalSection(SolutionConfigurationPlatforms) = preSolution
		Debug|Any CPU = Debug|Any CPU
		Release|Any CPU = Release|Any CPU
	EndGlobalSection
	GlobalSection(ProjectConfigurationPlatforms) = postSolution
		{7E4BE09D-C73C-40B6-B3B3-4E3BBFF6D530}.Debug|Any CPU.ActiveCfg = Debug|Any CPU
		{7E4BE09D-C73C-40B6-B3B3-4E3BBFF6D530}.Debug|Any CPU.Build.0 = Debug|Any CPU
		{7E4BE09D-C73C-40B6-B3B3-4E3BBFF6D530}.Release|Any CPU.ActiveCfg = Release|Any CPU
		{7E4BE09D-C73C-40B6-B3B3-4E3BBFF6D530}.Release|Any CPU.Build.0 = Release|Any CPU
	EndGlobalSection
	GlobalSection(SolutionProperties) = preSolution
		HideSolutionNode = FALSE
	EndGlobalSection
	GlobalSection(ExtensibilityGlobals) = postSolution
		SolutionGuid = {BA3BB989-6085-4F5D-8413-FE69E54BFB4F}
	EndGlobalSection
EndGlobal
