
Microsoft Visual Studio Solution File, Format Version 12.00
# Visual Studio Version 17
VisualStudioVersion = 17.1.32228.430
MinimumVisualStudioVersion = 10.0.40219.1
Project("{FAE04EC0-301F-11D3-BF4B-00C04F79EFBC}") = "secao6 vetores exercicios propostos 01", "secao6 vetores exercicios propostos 01.csproj", "{9DC57730-AFC3-4761-9427-AFBF43D95162}"
EndProject
Global
	GlobalSection(SolutionConfigurationPlatforms) = preSolution
		Debug|Any CPU = Debug|Any CPU
		Release|Any CPU = Release|Any CPU
	EndGlobalSection
	GlobalSection(ProjectConfigurationPlatforms) = postSolution
		{9DC57730-AFC3-4761-9427-AFBF43D95162}.Debug|Any CPU.ActiveCfg = Debug|Any CPU
		{9DC57730-AFC3-4761-9427-AFBF43D95162}.Debug|Any CPU.Build.0 = Debug|Any CPU
		{9DC57730-AFC3-4761-9427-AFBF43D95162}.Release|Any CPU.ActiveCfg = Release|Any CPU
		{9DC57730-AFC3-4761-9427-AFBF43D95162}.Release|Any CPU.Build.0 = Release|Any CPU
	EndGlobalSection
	GlobalSection(SolutionProperties) = preSolution
		HideSolutionNode = FALSE
	EndGlobalSection
	GlobalSection(ExtensibilityGlobals) = postSolution
		SolutionGuid = {0BBD1E7C-7BF9-4026-894E-A4388E1EEFE2}
	EndGlobalSection
EndGlobal
