
Microsoft Visual Studio Solution File, Format Version 12.00
# Visual Studio Version 16
VisualStudioVersion = 16.0.31410.357
MinimumVisualStudioVersion = 10.0.40219.1
Project("{FAE04EC0-301F-11D3-BF4B-00C04F79EFBC}") = "BEE1113", "BEE1113.csproj", "{E29C62C2-F39A-4D37-9FB5-C28DC167AD21}"
EndProject
Global
	GlobalSection(SolutionConfigurationPlatforms) = preSolution
		Debug|Any CPU = Debug|Any CPU
		Release|Any CPU = Release|Any CPU
	EndGlobalSection
	GlobalSection(ProjectConfigurationPlatforms) = postSolution
		{E29C62C2-F39A-4D37-9FB5-C28DC167AD21}.Debug|Any CPU.ActiveCfg = Debug|Any CPU
		{E29C62C2-F39A-4D37-9FB5-C28DC167AD21}.Debug|Any CPU.Build.0 = Debug|Any CPU
		{E29C62C2-F39A-4D37-9FB5-C28DC167AD21}.Release|Any CPU.ActiveCfg = Release|Any CPU
		{E29C62C2-F39A-4D37-9FB5-C28DC167AD21}.Release|Any CPU.Build.0 = Release|Any CPU
	EndGlobalSection
	GlobalSection(SolutionProperties) = preSolution
		HideSolutionNode = FALSE
	EndGlobalSection
	GlobalSection(ExtensibilityGlobals) = postSolution
		SolutionGuid = {D229057C-A283-42F8-BC20-E7CA4820801E}
	EndGlobalSection
EndGlobal
