
Microsoft Visual Studio Solution File, Format Version 12.00
# Visual Studio Version 16
VisualStudioVersion = 16.0.31410.357
MinimumVisualStudioVersion = 10.0.40219.1
Project("{FAE04EC0-301F-11D3-BF4B-00C04F79EFBC}") = "URI1007", "URI1007.csproj", "{858B25ED-0900-4C3A-96A1-8F8ADFED38FE}"
EndProject
Global
	GlobalSection(SolutionConfigurationPlatforms) = preSolution
		Debug|Any CPU = Debug|Any CPU
		Release|Any CPU = Release|Any CPU
	EndGlobalSection
	GlobalSection(ProjectConfigurationPlatforms) = postSolution
		{858B25ED-0900-4C3A-96A1-8F8ADFED38FE}.Debug|Any CPU.ActiveCfg = Debug|Any CPU
		{858B25ED-0900-4C3A-96A1-8F8ADFED38FE}.Debug|Any CPU.Build.0 = Debug|Any CPU
		{858B25ED-0900-4C3A-96A1-8F8ADFED38FE}.Release|Any CPU.ActiveCfg = Release|Any CPU
		{858B25ED-0900-4C3A-96A1-8F8ADFED38FE}.Release|Any CPU.Build.0 = Release|Any CPU
	EndGlobalSection
	GlobalSection(SolutionProperties) = preSolution
		HideSolutionNode = FALSE
	EndGlobalSection
	GlobalSection(ExtensibilityGlobals) = postSolution
		SolutionGuid = {6AE679C2-3F28-47B2-9232-4A52264DEB64}
	EndGlobalSection
EndGlobal
