
Microsoft Visual Studio Solution File, Format Version 12.00
# Visual Studio Version 17
VisualStudioVersion = 17.1.32228.430
MinimumVisualStudioVersion = 10.0.40219.1
Project("{FAE04EC0-301F-11D3-BF4B-00C04F79EFBC}") = "BEE1080", "BEE1080.csproj", "{3FD91B61-FF91-40AE-8FA1-8F01C9183D94}"
EndProject
Global
	GlobalSection(SolutionConfigurationPlatforms) = preSolution
		Debug|Any CPU = Debug|Any CPU
		Release|Any CPU = Release|Any CPU
	EndGlobalSection
	GlobalSection(ProjectConfigurationPlatforms) = postSolution
		{3FD91B61-FF91-40AE-8FA1-8F01C9183D94}.Debug|Any CPU.ActiveCfg = Debug|Any CPU
		{3FD91B61-FF91-40AE-8FA1-8F01C9183D94}.Debug|Any CPU.Build.0 = Debug|Any CPU
		{3FD91B61-FF91-40AE-8FA1-8F01C9183D94}.Release|Any CPU.ActiveCfg = Release|Any CPU
		{3FD91B61-FF91-40AE-8FA1-8F01C9183D94}.Release|Any CPU.Build.0 = Release|Any CPU
	EndGlobalSection
	GlobalSection(SolutionProperties) = preSolution
		HideSolutionNode = FALSE
	EndGlobalSection
	GlobalSection(ExtensibilityGlobals) = postSolution
		SolutionGuid = {6ACD8268-7373-4139-A2EA-ED456FAFF669}
	EndGlobalSection
EndGlobal
