
Microsoft Visual Studio Solution File, Format Version 12.00
# Visual Studio Version 16
VisualStudioVersion = 16.0.31410.357
MinimumVisualStudioVersion = 10.0.40219.1
Project("{FAE04EC0-301F-11D3-BF4B-00C04F79EFBC}") = "BEE1046", "BEE1046.csproj", "{7DD38326-D4BD-4860-BAA0-34B2756E23AB}"
EndProject
Global
	GlobalSection(SolutionConfigurationPlatforms) = preSolution
		Debug|Any CPU = Debug|Any CPU
		Release|Any CPU = Release|Any CPU
	EndGlobalSection
	GlobalSection(ProjectConfigurationPlatforms) = postSolution
		{7DD38326-D4BD-4860-BAA0-34B2756E23AB}.Debug|Any CPU.ActiveCfg = Debug|Any CPU
		{7DD38326-D4BD-4860-BAA0-34B2756E23AB}.Debug|Any CPU.Build.0 = Debug|Any CPU
		{7DD38326-D4BD-4860-BAA0-34B2756E23AB}.Release|Any CPU.ActiveCfg = Release|Any CPU
		{7DD38326-D4BD-4860-BAA0-34B2756E23AB}.Release|Any CPU.Build.0 = Release|Any CPU
	EndGlobalSection
	GlobalSection(SolutionProperties) = preSolution
		HideSolutionNode = FALSE
	EndGlobalSection
	GlobalSection(ExtensibilityGlobals) = postSolution
		SolutionGuid = {2B346759-42A5-4577-81A9-92FBE0E9ED82}
	EndGlobalSection
EndGlobal
