
Microsoft Visual Studio Solution File, Format Version 12.00
# Visual Studio Version 16
VisualStudioVersion = 16.0.31410.357
MinimumVisualStudioVersion = 10.0.40219.1
Project("{FAE04EC0-301F-11D3-BF4B-00C04F79EFBC}") = "BEE1045", "BEE1045.csproj", "{3BF93A17-9C5D-4718-A870-06C9ACD91E73}"
EndProject
Global
	GlobalSection(SolutionConfigurationPlatforms) = preSolution
		Debug|Any CPU = Debug|Any CPU
		Release|Any CPU = Release|Any CPU
	EndGlobalSection
	GlobalSection(ProjectConfigurationPlatforms) = postSolution
		{3BF93A17-9C5D-4718-A870-06C9ACD91E73}.Debug|Any CPU.ActiveCfg = Debug|Any CPU
		{3BF93A17-9C5D-4718-A870-06C9ACD91E73}.Debug|Any CPU.Build.0 = Debug|Any CPU
		{3BF93A17-9C5D-4718-A870-06C9ACD91E73}.Release|Any CPU.ActiveCfg = Release|Any CPU
		{3BF93A17-9C5D-4718-A870-06C9ACD91E73}.Release|Any CPU.Build.0 = Release|Any CPU
	EndGlobalSection
	GlobalSection(SolutionProperties) = preSolution
		HideSolutionNode = FALSE
	EndGlobalSection
	GlobalSection(ExtensibilityGlobals) = postSolution
		SolutionGuid = {D45F3CB5-89C8-4E8C-89EF-6340B2594493}
	EndGlobalSection
EndGlobal
