
Microsoft Visual Studio Solution File, Format Version 12.00
# Visual Studio Version 16
VisualStudioVersion = 16.0.31410.357
MinimumVisualStudioVersion = 10.0.40219.1
Project("{FAE04EC0-301F-11D3-BF4B-00C04F79EFBC}") = "Secao4 exercicio resolvido 01", "Secao4 exercicio resolvido 01.csproj", "{F527C798-6CA5-4A2E-A58E-7521FC6B60C0}"
EndProject
Global
	GlobalSection(SolutionConfigurationPlatforms) = preSolution
		Debug|Any CPU = Debug|Any CPU
		Release|Any CPU = Release|Any CPU
	EndGlobalSection
	GlobalSection(ProjectConfigurationPlatforms) = postSolution
		{F527C798-6CA5-4A2E-A58E-7521FC6B60C0}.Debug|Any CPU.ActiveCfg = Debug|Any CPU
		{F527C798-6CA5-4A2E-A58E-7521FC6B60C0}.Debug|Any CPU.Build.0 = Debug|Any CPU
		{F527C798-6CA5-4A2E-A58E-7521FC6B60C0}.Release|Any CPU.ActiveCfg = Release|Any CPU
		{F527C798-6CA5-4A2E-A58E-7521FC6B60C0}.Release|Any CPU.Build.0 = Release|Any CPU
	EndGlobalSection
	GlobalSection(SolutionProperties) = preSolution
		HideSolutionNode = FALSE
	EndGlobalSection
	GlobalSection(ExtensibilityGlobals) = postSolution
		SolutionGuid = {BC3730D7-C1AE-40CF-9547-BE600D471B32}
	EndGlobalSection
EndGlobal
