
Microsoft Visual Studio Solution File, Format Version 12.00
# Visual Studio Version 17
VisualStudioVersion = 17.1.32228.430
MinimumVisualStudioVersion = 10.0.40219.1
Project("{FAE04EC0-301F-11D3-BF4B-00C04F79EFBC}") = "BEE1067", "BEE1067.csproj", "{A15AEAB6-278F-4556-BE67-28766CA71462}"
EndProject
Global
	GlobalSection(SolutionConfigurationPlatforms) = preSolution
		Debug|Any CPU = Debug|Any CPU
		Release|Any CPU = Release|Any CPU
	EndGlobalSection
	GlobalSection(ProjectConfigurationPlatforms) = postSolution
		{A15AEAB6-278F-4556-BE67-28766CA71462}.Debug|Any CPU.ActiveCfg = Debug|Any CPU
		{A15AEAB6-278F-4556-BE67-28766CA71462}.Debug|Any CPU.Build.0 = Debug|Any CPU
		{A15AEAB6-278F-4556-BE67-28766CA71462}.Release|Any CPU.ActiveCfg = Release|Any CPU
		{A15AEAB6-278F-4556-BE67-28766CA71462}.Release|Any CPU.Build.0 = Release|Any CPU
	EndGlobalSection
	GlobalSection(SolutionProperties) = preSolution
		HideSolutionNode = FALSE
	EndGlobalSection
	GlobalSection(ExtensibilityGlobals) = postSolution
		SolutionGuid = {F010F4DE-DA67-484E-B40A-5ED23CBEBDD8}
	EndGlobalSection
EndGlobal
