
Microsoft Visual Studio Solution File, Format Version 12.00
# Visual Studio Version 17
VisualStudioVersion = 17.1.32228.430
MinimumVisualStudioVersion = 10.0.40219.1
Project("{FAE04EC0-301F-11D3-BF4B-00C04F79EFBC}") = "secao7 Matrizes exericios propostos 04", "secao7 Matrizes exericios propostos 04.csproj", "{369B99CA-16B0-4506-BD5A-3394C2137831}"
EndProject
Global
	GlobalSection(SolutionConfigurationPlatforms) = preSolution
		Debug|Any CPU = Debug|Any CPU
		Release|Any CPU = Release|Any CPU
	EndGlobalSection
	GlobalSection(ProjectConfigurationPlatforms) = postSolution
		{369B99CA-16B0-4506-BD5A-3394C2137831}.Debug|Any CPU.ActiveCfg = Debug|Any CPU
		{369B99CA-16B0-4506-BD5A-3394C2137831}.Debug|Any CPU.Build.0 = Debug|Any CPU
		{369B99CA-16B0-4506-BD5A-3394C2137831}.Release|Any CPU.ActiveCfg = Release|Any CPU
		{369B99CA-16B0-4506-BD5A-3394C2137831}.Release|Any CPU.Build.0 = Release|Any CPU
	EndGlobalSection
	GlobalSection(SolutionProperties) = preSolution
		HideSolutionNode = FALSE
	EndGlobalSection
	GlobalSection(ExtensibilityGlobals) = postSolution
		SolutionGuid = {38DEB40D-48D8-4C9B-B3B2-0FC22E83289C}
	EndGlobalSection
EndGlobal
