
Microsoft Visual Studio Solution File, Format Version 12.00
# Visual Studio Version 16
VisualStudioVersion = 16.0.31410.357
MinimumVisualStudioVersion = 10.0.40219.1
Project("{FAE04EC0-301F-11D3-BF4B-00C04F79EFBC}") = "URI1001", "URI1001.csproj", "{7430C79D-F7DF-4C50-B1F9-EBD559BC02C0}"
EndProject
Global
	GlobalSection(SolutionConfigurationPlatforms) = preSolution
		Debug|Any CPU = Debug|Any CPU
		Release|Any CPU = Release|Any CPU
	EndGlobalSection
	GlobalSection(ProjectConfigurationPlatforms) = postSolution
		{7430C79D-F7DF-4C50-B1F9-EBD559BC02C0}.Debug|Any CPU.ActiveCfg = Debug|Any CPU
		{7430C79D-F7DF-4C50-B1F9-EBD559BC02C0}.Debug|Any CPU.Build.0 = Debug|Any CPU
		{7430C79D-F7DF-4C50-B1F9-EBD559BC02C0}.Release|Any CPU.ActiveCfg = Release|Any CPU
		{7430C79D-F7DF-4C50-B1F9-EBD559BC02C0}.Release|Any CPU.Build.0 = Release|Any CPU
	EndGlobalSection
	GlobalSection(SolutionProperties) = preSolution
		HideSolutionNode = FALSE
	EndGlobalSection
	GlobalSection(ExtensibilityGlobals) = postSolution
		SolutionGuid = {70EEE82E-310E-41AA-93DC-DABA2047465A}
	EndGlobalSection
EndGlobal
