
Microsoft Visual Studio Solution File, Format Version 12.00
# Visual Studio Version 16
VisualStudioVersion = 16.0.31410.357
MinimumVisualStudioVersion = 10.0.40219.1
Project("{FAE04EC0-301F-11D3-BF4B-00C04F79EFBC}") = "BEE1041", "BEE1041.csproj", "{D7BC0CCA-AE1D-4422-BBB2-0A21BAFFB290}"
EndProject
Global
	GlobalSection(SolutionConfigurationPlatforms) = preSolution
		Debug|Any CPU = Debug|Any CPU
		Release|Any CPU = Release|Any CPU
	EndGlobalSection
	GlobalSection(ProjectConfigurationPlatforms) = postSolution
		{D7BC0CCA-AE1D-4422-BBB2-0A21BAFFB290}.Debug|Any CPU.ActiveCfg = Debug|Any CPU
		{D7BC0CCA-AE1D-4422-BBB2-0A21BAFFB290}.Debug|Any CPU.Build.0 = Debug|Any CPU
		{D7BC0CCA-AE1D-4422-BBB2-0A21BAFFB290}.Release|Any CPU.ActiveCfg = Release|Any CPU
		{D7BC0CCA-AE1D-4422-BBB2-0A21BAFFB290}.Release|Any CPU.Build.0 = Release|Any CPU
	EndGlobalSection
	GlobalSection(SolutionProperties) = preSolution
		HideSolutionNode = FALSE
	EndGlobalSection
	GlobalSection(ExtensibilityGlobals) = postSolution
		SolutionGuid = {B8DC8412-939A-445D-94C2-14309DD3D3FD}
	EndGlobalSection
EndGlobal
