
Microsoft Visual Studio Solution File, Format Version 12.00
# Visual Studio Version 17
VisualStudioVersion = 17.1.32228.430
MinimumVisualStudioVersion = 10.0.40219.1
Project("{FAE04EC0-301F-11D3-BF4B-00C04F79EFBC}") = "BEE1158", "BEE1158.csproj", "{583C6D81-C56E-4849-B742-B41F480D4CF5}"
EndProject
Global
	GlobalSection(SolutionConfigurationPlatforms) = preSolution
		Debug|Any CPU = Debug|Any CPU
		Release|Any CPU = Release|Any CPU
	EndGlobalSection
	GlobalSection(ProjectConfigurationPlatforms) = postSolution
		{583C6D81-C56E-4849-B742-B41F480D4CF5}.Debug|Any CPU.ActiveCfg = Debug|Any CPU
		{583C6D81-C56E-4849-B742-B41F480D4CF5}.Debug|Any CPU.Build.0 = Debug|Any CPU
		{583C6D81-C56E-4849-B742-B41F480D4CF5}.Release|Any CPU.ActiveCfg = Release|Any CPU
		{583C6D81-C56E-4849-B742-B41F480D4CF5}.Release|Any CPU.Build.0 = Release|Any CPU
	EndGlobalSection
	GlobalSection(SolutionProperties) = preSolution
		HideSolutionNode = FALSE
	EndGlobalSection
	GlobalSection(ExtensibilityGlobals) = postSolution
		SolutionGuid = {04C6BE02-6F8E-45F8-A14E-6093E1A8FA07}
	EndGlobalSection
EndGlobal
