
Microsoft Visual Studio Solution File, Format Version 12.00
# Visual Studio Version 16
VisualStudioVersion = 16.0.31410.357
MinimumVisualStudioVersion = 10.0.40219.1
Project("{FAE04EC0-301F-11D3-BF4B-00C04F79EFBC}") = "Secao7 Matrizes exercicios propostos 01", "Secao7 Matrizes exercicios propostos 01.csproj", "{CAF98572-A47A-4E6C-8BE2-0D9B3BF3B168}"
EndProject
Global
	GlobalSection(SolutionConfigurationPlatforms) = preSolution
		Debug|Any CPU = Debug|Any CPU
		Release|Any CPU = Release|Any CPU
	EndGlobalSection
	GlobalSection(ProjectConfigurationPlatforms) = postSolution
		{CAF98572-A47A-4E6C-8BE2-0D9B3BF3B168}.Debug|Any CPU.ActiveCfg = Debug|Any CPU
		{CAF98572-A47A-4E6C-8BE2-0D9B3BF3B168}.Debug|Any CPU.Build.0 = Debug|Any CPU
		{CAF98572-A47A-4E6C-8BE2-0D9B3BF3B168}.Release|Any CPU.ActiveCfg = Release|Any CPU
		{CAF98572-A47A-4E6C-8BE2-0D9B3BF3B168}.Release|Any CPU.Build.0 = Release|Any CPU
	EndGlobalSection
	GlobalSection(SolutionProperties) = preSolution
		HideSolutionNode = FALSE
	EndGlobalSection
	GlobalSection(ExtensibilityGlobals) = postSolution
		SolutionGuid = {03A32C1E-CCC1-4CE4-904C-C150C49C1D77}
	EndGlobalSection
EndGlobal
