
Microsoft Visual Studio Solution File, Format Version 12.00
# Visual Studio Version 17
VisualStudioVersion = 17.1.32228.430
MinimumVisualStudioVersion = 10.0.40219.1
Project("{FAE04EC0-301F-11D3-BF4B-00C04F79EFBC}") = "BEE1115(denovo)", "BEE1115(denovo).csproj", "{E1072397-D15B-40D4-A705-12D6AA8FBA89}"
EndProject
Global
	GlobalSection(SolutionConfigurationPlatforms) = preSolution
		Debug|Any CPU = Debug|Any CPU
		Release|Any CPU = Release|Any CPU
	EndGlobalSection
	GlobalSection(ProjectConfigurationPlatforms) = postSolution
		{E1072397-D15B-40D4-A705-12D6AA8FBA89}.Debug|Any CPU.ActiveCfg = Debug|Any CPU
		{E1072397-D15B-40D4-A705-12D6AA8FBA89}.Debug|Any CPU.Build.0 = Debug|Any CPU
		{E1072397-D15B-40D4-A705-12D6AA8FBA89}.Release|Any CPU.ActiveCfg = Release|Any CPU
		{E1072397-D15B-40D4-A705-12D6AA8FBA89}.Release|Any CPU.Build.0 = Release|Any CPU
	EndGlobalSection
	GlobalSection(SolutionProperties) = preSolution
		HideSolutionNode = FALSE
	EndGlobalSection
	GlobalSection(ExtensibilityGlobals) = postSolution
		SolutionGuid = {2B3D876D-DE1B-4BEC-B08E-A15E5EC2A923}
	EndGlobalSection
EndGlobal
