
Microsoft Visual Studio Solution File, Format Version 12.00
# Visual Studio Version 16
VisualStudioVersion = 16.0.31410.357
MinimumVisualStudioVersion = 10.0.40219.1
Project("{FAE04EC0-301F-11D3-BF4B-00C04F79EFBC}") = "secao7 matrizes exercicios propostos 06", "secao7 matrizes exercicios propostos 06.csproj", "{FB3D5A35-3D0F-4833-A4F0-8E7D9F1DD27E}"
EndProject
Global
	GlobalSection(SolutionConfigurationPlatforms) = preSolution
		Debug|Any CPU = Debug|Any CPU
		Release|Any CPU = Release|Any CPU
	EndGlobalSection
	GlobalSection(ProjectConfigurationPlatforms) = postSolution
		{FB3D5A35-3D0F-4833-A4F0-8E7D9F1DD27E}.Debug|Any CPU.ActiveCfg = Debug|Any CPU
		{FB3D5A35-3D0F-4833-A4F0-8E7D9F1DD27E}.Debug|Any CPU.Build.0 = Debug|Any CPU
		{FB3D5A35-3D0F-4833-A4F0-8E7D9F1DD27E}.Release|Any CPU.ActiveCfg = Release|Any CPU
		{FB3D5A35-3D0F-4833-A4F0-8E7D9F1DD27E}.Release|Any CPU.Build.0 = Release|Any CPU
	EndGlobalSection
	GlobalSection(SolutionProperties) = preSolution
		HideSolutionNode = FALSE
	EndGlobalSection
	GlobalSection(ExtensibilityGlobals) = postSolution
		SolutionGuid = {179D3AAC-A623-42B7-9FDE-256CFB989CE0}
	EndGlobalSection
EndGlobal
