
Microsoft Visual Studio Solution File, Format Version 12.00
# Visual Studio Version 16
VisualStudioVersion = 16.0.31410.357
MinimumVisualStudioVersion = 10.0.40219.1
Project("{9A19103F-16F7-4668-BE54-9A1E7A4F7556}") = "BEE1011", "BEE1011.csproj", "{6AB5DD1F-AB5F-414F-8311-A565B23DF953}"
EndProject
Global
	GlobalSection(SolutionConfigurationPlatforms) = preSolution
		Debug|Any CPU = Debug|Any CPU
		Release|Any CPU = Release|Any CPU
	EndGlobalSection
	GlobalSection(ProjectConfigurationPlatforms) = postSolution
		{6AB5DD1F-AB5F-414F-8311-A565B23DF953}.Debug|Any CPU.ActiveCfg = Debug|Any CPU
		{6AB5DD1F-AB5F-414F-8311-A565B23DF953}.Debug|Any CPU.Build.0 = Debug|Any CPU
		{6AB5DD1F-AB5F-414F-8311-A565B23DF953}.Release|Any CPU.ActiveCfg = Release|Any CPU
		{6AB5DD1F-AB5F-414F-8311-A565B23DF953}.Release|Any CPU.Build.0 = Release|Any CPU
	EndGlobalSection
	GlobalSection(SolutionProperties) = preSolution
		HideSolutionNode = FALSE
	EndGlobalSection
	GlobalSection(ExtensibilityGlobals) = postSolution
		SolutionGuid = {37301200-FDD8-45CE-9B8B-E74322802D54}
	EndGlobalSection
EndGlobal
